
Microsoft Visual Studio Solution File, Format Version 12.00
# Visual Studio Version 16
VisualStudioVersion = 16.0.30204.135
MinimumVisualStudioVersion = 10.0.40219.1
Project("{2150E333-8FDC-42A3-9474-1A3956D46DE8}") = "1.Infrastructure", "1.Infrastructure", "{2819A135-A2D2-49A7-9168-B18B9856CFBA}"
EndProject
Project("{2150E333-8FDC-42A3-9474-1A3956D46DE8}") = "2.Domain", "2.Domain", "{7F377737-3980-434B-8A09-C23028DA99A9}"
EndProject
Project("{2150E333-8FDC-42A3-9474-1A3956D46DE8}") = "3.Services", "3.Services", "{180CF74C-0627-417C-9F4C-0ED9AA9AB9B7}"
EndProject
Project("{2150E333-8FDC-42A3-9474-1A3956D46DE8}") = "4.UI", "4.UI", "{9950115B-681B-44F7-8ADE-4881C3839FFA}"
EndProject
Project("{9A19103F-16F7-4668-BE54-9A1E7A4F7556}") = "UI.Apis", "4.UI\UI.Apis\UI.Apis.csproj", "{2A91E7E9-100B-4F6D-A030-3029202C6FEB}"
EndProject
Project("{9A19103F-16F7-4668-BE54-9A1E7A4F7556}") = "UI.Assemblers", "4.UI\UI.Assemblers\UI.Assemblers.csproj", "{2AEC2BF8-A42E-4214-9C5E-E1B06B9ECDC9}"
EndProject
Project("{9A19103F-16F7-4668-BE54-9A1E7A4F7556}") = "Service.Apis", "3.Services\Service.Apis\Service.Apis.csproj", "{1593D7D4-B7F4-4FBF-8DB3-F663E2A5C5B0}"
EndProject
Project("{9A19103F-16F7-4668-BE54-9A1E7A4F7556}") = "UI.IAssemblers", "4.UI\UI.IAssemblers\UI.IAssemblers.csproj", "{C063331F-3D8D-49D1-A579-8869F9F482F9}"
EndProject
Project("{9A19103F-16F7-4668-BE54-9A1E7A4F7556}") = "Service.IApis", "3.Services\Service.IApis\Service.IApis.csproj", "{1968CF3F-9814-43F6-81DA-A7F6B9FA41BD}"
EndProject
Project("{9A19103F-16F7-4668-BE54-9A1E7A4F7556}") = "Domain.Core", "1.Infrastructure\Domain.Core\Domain.Core.csproj", "{26EEF731-A123-4137-B7F8-80743DB69421}"
EndProject
Project("{9A19103F-16F7-4668-BE54-9A1E7A4F7556}") = "Domain.Mapping", "2.Domain\Domain.Mappling\Domain.Mapping.csproj", "{CCB55B81-A906-4977-B145-521AA139297B}"
EndProject
Project("{9A19103F-16F7-4668-BE54-9A1E7A4F7556}") = "Domain.Models", "2.Domain\Domain.Models\Domain.Models.csproj", "{29CE8B5B-134B-4D61-979F-46E602C4C446}"
EndProject
Project("{9A19103F-16F7-4668-BE54-9A1E7A4F7556}") = "Domain.Repository.EF", "2.Domain\Domain.Repository.EF\Domain.Repository.EF.csproj", "{C0DFACA5-A66F-4D2F-B023-6A847542B23A}"
EndProject
Project("{9A19103F-16F7-4668-BE54-9A1E7A4F7556}") = "UI.Core", "4.UI\UI.Core\UI.Core.csproj", "{7AA53DDF-9065-4A5F-B2EC-73F38391888A}"
EndProject
Project("{9A19103F-16F7-4668-BE54-9A1E7A4F7556}") = "UI.Dtos", "4.UI\UI.Dtos\UI.Dtos.csproj", "{416B08BE-2EEC-4097-9E43-0E5B3635463C}"
EndProject
Project("{9A19103F-16F7-4668-BE54-9A1E7A4F7556}") = "Services.Core", "3.Services\Services.Core\Services.Core.csproj", "{43BF4E59-46A9-4298-8603-7BFA7CE52063}"
EndProject
Project("{FAE04EC0-301F-11D3-BF4B-00C04F79EFBC}") = "Domain.Data", "2.Domain\Domain.Data\Domain.Data.csproj", "{0C88D3F9-D863-43FD-BD03-681E0DC95E74}"
EndProject
Global
	GlobalSection(SolutionConfigurationPlatforms) = preSolution
		Debug|Any CPU = Debug|Any CPU
		DEV|Any CPU = DEV|Any CPU
		Release|Any CPU = Release|Any CPU
		RPOD|Any CPU = RPOD|Any CPU
		UAT|Any CPU = UAT|Any CPU
	EndGlobalSection
	GlobalSection(ProjectConfigurationPlatforms) = postSolution
		{2A91E7E9-100B-4F6D-A030-3029202C6FEB}.Debug|Any CPU.ActiveCfg = Debug|Any CPU
		{2A91E7E9-100B-4F6D-A030-3029202C6FEB}.Debug|Any CPU.Build.0 = Debug|Any CPU
		{2A91E7E9-100B-4F6D-A030-3029202C6FEB}.DEV|Any CPU.ActiveCfg = DEV|Any CPU
		{2A91E7E9-100B-4F6D-A030-3029202C6FEB}.DEV|Any CPU.Build.0 = DEV|Any CPU
		{2A91E7E9-100B-4F6D-A030-3029202C6FEB}.Release|Any CPU.ActiveCfg = Release|Any CPU
		{2A91E7E9-100B-4F6D-A030-3029202C6FEB}.Release|Any CPU.Build.0 = Release|Any CPU
		{2A91E7E9-100B-4F6D-A030-3029202C6FEB}.RPOD|Any CPU.ActiveCfg = RPOD|Any CPU
		{2A91E7E9-100B-4F6D-A030-3029202C6FEB}.RPOD|Any CPU.Build.0 = RPOD|Any CPU
		{2A91E7E9-100B-4F6D-A030-3029202C6FEB}.UAT|Any CPU.ActiveCfg = UAT|Any CPU
		{2A91E7E9-100B-4F6D-A030-3029202C6FEB}.UAT|Any CPU.Build.0 = UAT|Any CPU
		{2AEC2BF8-A42E-4214-9C5E-E1B06B9ECDC9}.Debug|Any CPU.ActiveCfg = Debug|Any CPU
		{2AEC2BF8-A42E-4214-9C5E-E1B06B9ECDC9}.Debug|Any CPU.Build.0 = Debug|Any CPU
		{2AEC2BF8-A42E-4214-9C5E-E1B06B9ECDC9}.DEV|Any CPU.ActiveCfg = DEV|Any CPU
		{2AEC2BF8-A42E-4214-9C5E-E1B06B9ECDC9}.DEV|Any CPU.Build.0 = DEV|Any CPU
		{2AEC2BF8-A42E-4214-9C5E-E1B06B9ECDC9}.Release|Any CPU.ActiveCfg = Release|Any CPU
		{2AEC2BF8-A42E-4214-9C5E-E1B06B9ECDC9}.Release|Any CPU.Build.0 = Release|Any CPU
		{2AEC2BF8-A42E-4214-9C5E-E1B06B9ECDC9}.RPOD|Any CPU.ActiveCfg = RPOD|Any CPU
		{2AEC2BF8-A42E-4214-9C5E-E1B06B9ECDC9}.RPOD|Any CPU.Build.0 = RPOD|Any CPU
		{2AEC2BF8-A42E-4214-9C5E-E1B06B9ECDC9}.UAT|Any CPU.ActiveCfg = UAT|Any CPU
		{2AEC2BF8-A42E-4214-9C5E-E1B06B9ECDC9}.UAT|Any CPU.Build.0 = UAT|Any CPU
		{1593D7D4-B7F4-4FBF-8DB3-F663E2A5C5B0}.Debug|Any CPU.ActiveCfg = Debug|Any CPU
		{1593D7D4-B7F4-4FBF-8DB3-F663E2A5C5B0}.Debug|Any CPU.Build.0 = Debug|Any CPU
		{1593D7D4-B7F4-4FBF-8DB3-F663E2A5C5B0}.DEV|Any CPU.ActiveCfg = DEV|Any CPU
		{1593D7D4-B7F4-4FBF-8DB3-F663E2A5C5B0}.DEV|Any CPU.Build.0 = DEV|Any CPU
		{1593D7D4-B7F4-4FBF-8DB3-F663E2A5C5B0}.Release|Any CPU.ActiveCfg = Release|Any CPU
		{1593D7D4-B7F4-4FBF-8DB3-F663E2A5C5B0}.Release|Any CPU.Build.0 = Release|Any CPU
		{1593D7D4-B7F4-4FBF-8DB3-F663E2A5C5B0}.RPOD|Any CPU.ActiveCfg = RPOD|Any CPU
		{1593D7D4-B7F4-4FBF-8DB3-F663E2A5C5B0}.RPOD|Any CPU.Build.0 = RPOD|Any CPU
		{1593D7D4-B7F4-4FBF-8DB3-F663E2A5C5B0}.UAT|Any CPU.ActiveCfg = UAT|Any CPU
		{1593D7D4-B7F4-4FBF-8DB3-F663E2A5C5B0}.UAT|Any CPU.Build.0 = UAT|Any CPU
		{C063331F-3D8D-49D1-A579-8869F9F482F9}.Debug|Any CPU.ActiveCfg = Debug|Any CPU
		{C063331F-3D8D-49D1-A579-8869F9F482F9}.Debug|Any CPU.Build.0 = Debug|Any CPU
		{C063331F-3D8D-49D1-A579-8869F9F482F9}.DEV|Any CPU.ActiveCfg = DEV|Any CPU
		{C063331F-3D8D-49D1-A579-8869F9F482F9}.DEV|Any CPU.Build.0 = DEV|Any CPU
		{C063331F-3D8D-49D1-A579-8869F9F482F9}.Release|Any CPU.ActiveCfg = Release|Any CPU
		{C063331F-3D8D-49D1-A579-8869F9F482F9}.Release|Any CPU.Build.0 = Release|Any CPU
		{C063331F-3D8D-49D1-A579-8869F9F482F9}.RPOD|Any CPU.ActiveCfg = RPOD|Any CPU
		{C063331F-3D8D-49D1-A579-8869F9F482F9}.RPOD|Any CPU.Build.0 = RPOD|Any CPU
		{C063331F-3D8D-49D1-A579-8869F9F482F9}.UAT|Any CPU.ActiveCfg = UAT|Any CPU
		{C063331F-3D8D-49D1-A579-8869F9F482F9}.UAT|Any CPU.Build.0 = UAT|Any CPU
		{1968CF3F-9814-43F6-81DA-A7F6B9FA41BD}.Debug|Any CPU.ActiveCfg = Debug|Any CPU
		{1968CF3F-9814-43F6-81DA-A7F6B9FA41BD}.Debug|Any CPU.Build.0 = Debug|Any CPU
		{1968CF3F-9814-43F6-81DA-A7F6B9FA41BD}.DEV|Any CPU.ActiveCfg = DEV|Any CPU
		{1968CF3F-9814-43F6-81DA-A7F6B9FA41BD}.DEV|Any CPU.Build.0 = DEV|Any CPU
		{1968CF3F-9814-43F6-81DA-A7F6B9FA41BD}.Release|Any CPU.ActiveCfg = Release|Any CPU
		{1968CF3F-9814-43F6-81DA-A7F6B9FA41BD}.Release|Any CPU.Build.0 = Release|Any CPU
		{1968CF3F-9814-43F6-81DA-A7F6B9FA41BD}.RPOD|Any CPU.ActiveCfg = RPOD|Any CPU
		{1968CF3F-9814-43F6-81DA-A7F6B9FA41BD}.RPOD|Any CPU.Build.0 = RPOD|Any CPU
		{1968CF3F-9814-43F6-81DA-A7F6B9FA41BD}.UAT|Any CPU.ActiveCfg = UAT|Any CPU
		{1968CF3F-9814-43F6-81DA-A7F6B9FA41BD}.UAT|Any CPU.Build.0 = UAT|Any CPU
		{26EEF731-A123-4137-B7F8-80743DB69421}.Debug|Any CPU.ActiveCfg = Debug|Any CPU
		{26EEF731-A123-4137-B7F8-80743DB69421}.Debug|Any CPU.Build.0 = Debug|Any CPU
		{26EEF731-A123-4137-B7F8-80743DB69421}.DEV|Any CPU.ActiveCfg = DEV|Any CPU
		{26EEF731-A123-4137-B7F8-80743DB69421}.DEV|Any CPU.Build.0 = DEV|Any CPU
		{26EEF731-A123-4137-B7F8-80743DB69421}.Release|Any CPU.ActiveCfg = Release|Any CPU
		{26EEF731-A123-4137-B7F8-80743DB69421}.Release|Any CPU.Build.0 = Release|Any CPU
		{26EEF731-A123-4137-B7F8-80743DB69421}.RPOD|Any CPU.ActiveCfg = RPOD|Any CPU
		{26EEF731-A123-4137-B7F8-80743DB69421}.RPOD|Any CPU.Build.0 = RPOD|Any CPU
		{26EEF731-A123-4137-B7F8-80743DB69421}.UAT|Any CPU.ActiveCfg = UAT|Any CPU
		{26EEF731-A123-4137-B7F8-80743DB69421}.UAT|Any CPU.Build.0 = UAT|Any CPU
		{CCB55B81-A906-4977-B145-521AA139297B}.Debug|Any CPU.ActiveCfg = Debug|Any CPU
		{CCB55B81-A906-4977-B145-521AA139297B}.Debug|Any CPU.Build.0 = Debug|Any CPU
		{CCB55B81-A906-4977-B145-521AA139297B}.DEV|Any CPU.ActiveCfg = DEV|Any CPU
		{CCB55B81-A906-4977-B145-521AA139297B}.DEV|Any CPU.Build.0 = DEV|Any CPU
		{CCB55B81-A906-4977-B145-521AA139297B}.Release|Any CPU.ActiveCfg = Release|Any CPU
		{CCB55B81-A906-4977-B145-521AA139297B}.Release|Any CPU.Build.0 = Release|Any CPU
		{CCB55B81-A906-4977-B145-521AA139297B}.RPOD|Any CPU.ActiveCfg = RPOD|Any CPU
		{CCB55B81-A906-4977-B145-521AA139297B}.RPOD|Any CPU.Build.0 = RPOD|Any CPU
		{CCB55B81-A906-4977-B145-521AA139297B}.UAT|Any CPU.ActiveCfg = UAT|Any CPU
		{CCB55B81-A906-4977-B145-521AA139297B}.UAT|Any CPU.Build.0 = UAT|Any CPU
		{29CE8B5B-134B-4D61-979F-46E602C4C446}.Debug|Any CPU.ActiveCfg = Debug|Any CPU
		{29CE8B5B-134B-4D61-979F-46E602C4C446}.Debug|Any CPU.Build.0 = Debug|Any CPU
		{29CE8B5B-134B-4D61-979F-46E602C4C446}.DEV|Any CPU.ActiveCfg = DEV|Any CPU
		{29CE8B5B-134B-4D61-979F-46E602C4C446}.DEV|Any CPU.Build.0 = DEV|Any CPU
		{29CE8B5B-134B-4D61-979F-46E602C4C446}.Release|Any CPU.ActiveCfg = Release|Any CPU
		{29CE8B5B-134B-4D61-979F-46E602C4C446}.Release|Any CPU.Build.0 = Release|Any CPU
		{29CE8B5B-134B-4D61-979F-46E602C4C446}.RPOD|Any CPU.ActiveCfg = RPOD|Any CPU
		{29CE8B5B-134B-4D61-979F-46E602C4C446}.RPOD|Any CPU.Build.0 = RPOD|Any CPU
		{29CE8B5B-134B-4D61-979F-46E602C4C446}.UAT|Any CPU.ActiveCfg = UAT|Any CPU
		{29CE8B5B-134B-4D61-979F-46E602C4C446}.UAT|Any CPU.Build.0 = UAT|Any CPU
		{C0DFACA5-A66F-4D2F-B023-6A847542B23A}.Debug|Any CPU.ActiveCfg = Debug|Any CPU
		{C0DFACA5-A66F-4D2F-B023-6A847542B23A}.Debug|Any CPU.Build.0 = Debug|Any CPU
		{C0DFACA5-A66F-4D2F-B023-6A847542B23A}.DEV|Any CPU.ActiveCfg = DEV|Any CPU
		{C0DFACA5-A66F-4D2F-B023-6A847542B23A}.DEV|Any CPU.Build.0 = DEV|Any CPU
		{C0DFACA5-A66F-4D2F-B023-6A847542B23A}.Release|Any CPU.ActiveCfg = Release|Any CPU
		{C0DFACA5-A66F-4D2F-B023-6A847542B23A}.Release|Any CPU.Build.0 = Release|Any CPU
		{C0DFACA5-A66F-4D2F-B023-6A847542B23A}.RPOD|Any CPU.ActiveCfg = RPOD|Any CPU
		{C0DFACA5-A66F-4D2F-B023-6A847542B23A}.RPOD|Any CPU.Build.0 = RPOD|Any CPU
		{C0DFACA5-A66F-4D2F-B023-6A847542B23A}.UAT|Any CPU.ActiveCfg = UAT|Any CPU
		{C0DFACA5-A66F-4D2F-B023-6A847542B23A}.UAT|Any CPU.Build.0 = UAT|Any CPU
		{7AA53DDF-9065-4A5F-B2EC-73F38391888A}.Debug|Any CPU.ActiveCfg = Debug|Any CPU
		{7AA53DDF-9065-4A5F-B2EC-73F38391888A}.Debug|Any CPU.Build.0 = Debug|Any CPU
		{7AA53DDF-9065-4A5F-B2EC-73F38391888A}.DEV|Any CPU.ActiveCfg = Debug|Any CPU
		{7AA53DDF-9065-4A5F-B2EC-73F38391888A}.DEV|Any CPU.Build.0 = Debug|Any CPU
		{7AA53DDF-9065-4A5F-B2EC-73F38391888A}.Release|Any CPU.ActiveCfg = Release|Any CPU
		{7AA53DDF-9065-4A5F-B2EC-73F38391888A}.Release|Any CPU.Build.0 = Release|Any CPU
		{7AA53DDF-9065-4A5F-B2EC-73F38391888A}.RPOD|Any CPU.ActiveCfg = Release|Any CPU
		{7AA53DDF-9065-4A5F-B2EC-73F38391888A}.RPOD|Any CPU.Build.0 = Release|Any CPU
		{7AA53DDF-9065-4A5F-B2EC-73F38391888A}.UAT|Any CPU.ActiveCfg = Debug|Any CPU
		{7AA53DDF-9065-4A5F-B2EC-73F38391888A}.UAT|Any CPU.Build.0 = Debug|Any CPU
		{416B08BE-2EEC-4097-9E43-0E5B3635463C}.Debug|Any CPU.ActiveCfg = Debug|Any CPU
		{416B08BE-2EEC-4097-9E43-0E5B3635463C}.Debug|Any CPU.Build.0 = Debug|Any CPU
		{416B08BE-2EEC-4097-9E43-0E5B3635463C}.DEV|Any CPU.ActiveCfg = Debug|Any CPU
		{416B08BE-2EEC-4097-9E43-0E5B3635463C}.DEV|Any CPU.Build.0 = Debug|Any CPU
		{416B08BE-2EEC-4097-9E43-0E5B3635463C}.Release|Any CPU.ActiveCfg = Release|Any CPU
		{416B08BE-2EEC-4097-9E43-0E5B3635463C}.Release|Any CPU.Build.0 = Release|Any CPU
		{416B08BE-2EEC-4097-9E43-0E5B3635463C}.RPOD|Any CPU.ActiveCfg = Release|Any CPU
		{416B08BE-2EEC-4097-9E43-0E5B3635463C}.RPOD|Any CPU.Build.0 = Release|Any CPU
		{416B08BE-2EEC-4097-9E43-0E5B3635463C}.UAT|Any CPU.ActiveCfg = Debug|Any CPU
		{416B08BE-2EEC-4097-9E43-0E5B3635463C}.UAT|Any CPU.Build.0 = Debug|Any CPU
		{43BF4E59-46A9-4298-8603-7BFA7CE52063}.Debug|Any CPU.ActiveCfg = Debug|Any CPU
		{43BF4E59-46A9-4298-8603-7BFA7CE52063}.Debug|Any CPU.Build.0 = Debug|Any CPU
		{43BF4E59-46A9-4298-8603-7BFA7CE52063}.DEV|Any CPU.ActiveCfg = Debug|Any CPU
		{43BF4E59-46A9-4298-8603-7BFA7CE52063}.DEV|Any CPU.Build.0 = Debug|Any CPU
		{43BF4E59-46A9-4298-8603-7BFA7CE52063}.Release|Any CPU.ActiveCfg = Release|Any CPU
		{43BF4E59-46A9-4298-8603-7BFA7CE52063}.Release|Any CPU.Build.0 = Release|Any CPU
		{43BF4E59-46A9-4298-8603-7BFA7CE52063}.RPOD|Any CPU.ActiveCfg = Release|Any CPU
		{43BF4E59-46A9-4298-8603-7BFA7CE52063}.RPOD|Any CPU.Build.0 = Release|Any CPU
		{43BF4E59-46A9-4298-8603-7BFA7CE52063}.UAT|Any CPU.ActiveCfg = Debug|Any CPU
		{43BF4E59-46A9-4298-8603-7BFA7CE52063}.UAT|Any CPU.Build.0 = Debug|Any CPU
		{0C88D3F9-D863-43FD-BD03-681E0DC95E74}.Debug|Any CPU.ActiveCfg = Debug|Any CPU
		{0C88D3F9-D863-43FD-BD03-681E0DC95E74}.Debug|Any CPU.Build.0 = Debug|Any CPU
		{0C88D3F9-D863-43FD-BD03-681E0DC95E74}.DEV|Any CPU.ActiveCfg = Debug|Any CPU
		{0C88D3F9-D863-43FD-BD03-681E0DC95E74}.DEV|Any CPU.Build.0 = Debug|Any CPU
		{0C88D3F9-D863-43FD-BD03-681E0DC95E74}.Release|Any CPU.ActiveCfg = Release|Any CPU
		{0C88D3F9-D863-43FD-BD03-681E0DC95E74}.Release|Any CPU.Build.0 = Release|Any CPU
		{0C88D3F9-D863-43FD-BD03-681E0DC95E74}.RPOD|Any CPU.ActiveCfg = Release|Any CPU
		{0C88D3F9-D863-43FD-BD03-681E0DC95E74}.RPOD|Any CPU.Build.0 = Release|Any CPU
		{0C88D3F9-D863-43FD-BD03-681E0DC95E74}.UAT|Any CPU.ActiveCfg = Debug|Any CPU
		{0C88D3F9-D863-43FD-BD03-681E0DC95E74}.UAT|Any CPU.Build.0 = Debug|Any CPU
	EndGlobalSection
	GlobalSection(SolutionProperties) = preSolution
		HideSolutionNode = FALSE
	EndGlobalSection
	GlobalSection(NestedProjects) = preSolution
		{2A91E7E9-100B-4F6D-A030-3029202C6FEB} = {9950115B-681B-44F7-8ADE-4881C3839FFA}
		{2AEC2BF8-A42E-4214-9C5E-E1B06B9ECDC9} = {9950115B-681B-44F7-8ADE-4881C3839FFA}
		{1593D7D4-B7F4-4FBF-8DB3-F663E2A5C5B0} = {180CF74C-0627-417C-9F4C-0ED9AA9AB9B7}
		{C063331F-3D8D-49D1-A579-8869F9F482F9} = {9950115B-681B-44F7-8ADE-4881C3839FFA}
		{1968CF3F-9814-43F6-81DA-A7F6B9FA41BD} = {180CF74C-0627-417C-9F4C-0ED9AA9AB9B7}
		{26EEF731-A123-4137-B7F8-80743DB69421} = {2819A135-A2D2-49A7-9168-B18B9856CFBA}
		{CCB55B81-A906-4977-B145-521AA139297B} = {7F377737-3980-434B-8A09-C23028DA99A9}
		{29CE8B5B-134B-4D61-979F-46E602C4C446} = {7F377737-3980-434B-8A09-C23028DA99A9}
		{C0DFACA5-A66F-4D2F-B023-6A847542B23A} = {7F377737-3980-434B-8A09-C23028DA99A9}
		{7AA53DDF-9065-4A5F-B2EC-73F38391888A} = {9950115B-681B-44F7-8ADE-4881C3839FFA}
		{416B08BE-2EEC-4097-9E43-0E5B3635463C} = {9950115B-681B-44F7-8ADE-4881C3839FFA}
		{43BF4E59-46A9-4298-8603-7BFA7CE52063} = {180CF74C-0627-417C-9F4C-0ED9AA9AB9B7}
		{0C88D3F9-D863-43FD-BD03-681E0DC95E74} = {7F377737-3980-434B-8A09-C23028DA99A9}
	EndGlobalSection
	GlobalSection(ExtensibilityGlobals) = postSolution
		SolutionGuid = {AECFCDAF-4BB7-465F-9F69-99E320584893}
	EndGlobalSection
EndGlobal
